{
  "version": 4,
  "terraform_version": "0.15.0",
  "serial": 61,
  "lineage": "90868ffb-4a26-255f-1e59-89064102bc63",
  "outputs": {},
  "resources": [
    {
      "mode": "managed",
      "type": "aws_instance",
      "name": "backendlogic-ec2",
      "provider": "provider[\"registry.terraform.io/hashicorp/aws\"]",
      "instances": [
        {
          "status": "tainted",
          "schema_version": 1,
          "attributes": {
            "ami": "ami-0022f774911c1d690",
            "arn": "arn:aws:ec2:us-east-1:409043763943:instance/i-021262c8880304561",
            "associate_public_ip_address": true,
            "availability_zone": "us-east-1d",
            "capacity_reservation_specification": [
              {
                "capacity_reservation_preference": "open",
                "capacity_reservation_target": []
              }
            ],
            "cpu_core_count": 1,
            "cpu_threads_per_core": 1,
            "credit_specification": [
              {
                "cpu_credits": "standard"
              }
            ],
            "disable_api_termination": false,
            "ebs_block_device": [],
            "ebs_optimized": false,
            "enclave_options": [
              {
                "enabled": false
              }
            ],
            "ephemeral_block_device": [],
            "get_password_data": false,
            "hibernation": false,
            "host_id": null,
            "iam_instance_profile": "",
            "id": "i-021262c8880304561",
            "instance_initiated_shutdown_behavior": "stop",
            "instance_state": "running",
            "instance_type": "t2.micro",
            "ipv6_address_count": 0,
            "ipv6_addresses": [],
            "key_name": "backend-logic-key",
            "launch_template": [],
            "maintenance_options": [
              {
                "auto_recovery": "default"
              }
            ],
            "metadata_options": [
              {
                "http_endpoint": "enabled",
                "http_put_response_hop_limit": 1,
                "http_tokens": "optional",
                "instance_metadata_tags": "disabled"
              }
            ],
            "monitoring": false,
            "network_interface": [],
            "outpost_arn": "",
            "password_data": "",
            "placement_group": "",
            "placement_partition_number": null,
            "primary_network_interface_id": "eni-08b5165fda8e5399d",
            "private_dns": "ip-172-31-30-190.ec2.internal",
            "private_ip": "172.31.30.190",
            "public_dns": "ec2-54-145-5-138.compute-1.amazonaws.com",
            "public_ip": "54.145.5.138",
            "root_block_device": [
              {
                "delete_on_termination": true,
                "device_name": "/dev/xvda",
                "encrypted": false,
                "iops": 100,
                "kms_key_id": "",
                "tags": {},
                "throughput": 0,
                "volume_id": "vol-064c9b821b46750c9",
                "volume_size": 8,
                "volume_type": "gp2"
              }
            ],
            "secondary_private_ips": [],
            "security_groups": [
              "ec2-open-security-group"
            ],
            "source_dest_check": true,
            "subnet_id": "subnet-0b4c12ec00914bc3e",
            "tags": {
              "Name": "Backend-Logic-Deployer"
            },
            "tags_all": {
              "Name": "Backend-Logic-Deployer"
            },
            "tenancy": "default",
            "timeouts": null,
            "user_data": null,
            "user_data_base64": null,
            "user_data_replace_on_change": false,
            "volume_tags": null,
            "vpc_security_group_ids": [
              "sg-00cb1ce23e9573ddb"
            ]
          },
          "sensitive_attributes": [],
          "private": "eyJlMmJmYjczMC1lY2FhLTExZTYtOGY4OC0zNDM2M2JjN2M0YzAiOnsiY3JlYXRlIjo2MDAwMDAwMDAwMDAsImRlbGV0ZSI6MTIwMDAwMDAwMDAwMCwidXBkYXRlIjo2MDAwMDAwMDAwMDB9LCJzY2hlbWFfdmVyc2lvbiI6IjEifQ==",
          "dependencies": [
            "aws_key_pair.ec2-keypair",
            "aws_security_group.ec2-security-group"
          ]
        }
      ]
    },
    {
      "mode": "managed",
      "type": "aws_key_pair",
      "name": "ec2-keypair",
      "provider": "provider[\"registry.terraform.io/hashicorp/aws\"]",
      "instances": [
        {
          "schema_version": 1,
          "attributes": {
            "arn": "arn:aws:ec2:us-east-1:409043763943:key-pair/backend-logic-key",
            "fingerprint": "65:84:5b:fc:b2:3b:01:1f:c9:fa:02:29:1e:b0:28:fe",
            "id": "backend-logic-key",
            "key_name": "backend-logic-key",
            "key_name_prefix": "",
            "key_pair_id": "key-0e799aec52f6d253c",
            "public_key": "ssh-rsa AAAAB3NzaC1yc2EAAAADAQABAAABgQDN9QqRPAt7WwMblTKaTkvRZxGH6M0gvOsbTBiqKgPU2gVTrB/6LmlEffGg2y6SQUXJC/Jp6Bt8RcAxRP9YPW8Ch+tvO5eNiCLNGmTMHpMzv3K4WFdDhGog0U4+4xLWprNHYwdNQL6Hr4dH9mif8EAd+mQ57PnrBXKrFiWqYofL67NITxJzCRIw66/nh4cXYvhJ+xQAJRhV8peu9e0TcZYxrsH/BfJumr8UopMtC+Wf84GEpiDvzQDpfzyi//UB5ChgiIo8cVuAaibXY6ub6Efuj5evJdSePXnJsJjDHFb8b4s4JYLeDmuupzeTkZngjevZs3sdWKgeX2ISyK0wBSqvzHyPxkCzNo3M2k6nlrUjAsCm71MYgwnM5GjY5QuplpVFbW/et+7ZH4sQEIaGE0TpQUiBOUaaOblLNJuazPlk6G2BJfy74O18IoW3tkPPZ396q1s7b2aiSB4zI5pDCNCo6Gee7Z+z2irj4FGkaaLhWdtpdZcAMvsz9w67d3lB0Bs= pruthvi@Pruthvis-MacBook-Pro.local",
            "tags": null,
            "tags_all": {}
          },
          "sensitive_attributes": [],
          "private": "eyJzY2hlbWFfdmVyc2lvbiI6IjEifQ=="
        }
      ]
    },
    {
      "mode": "managed",
      "type": "aws_security_group",
      "name": "ec2-security-group",
      "provider": "provider[\"registry.terraform.io/hashicorp/aws\"]",
      "instances": [
        {
          "schema_version": 1,
          "attributes": {
            "arn": "arn:aws:ec2:us-east-1:409043763943:security-group/sg-00cb1ce23e9573ddb",
            "description": "Managed by Terraform",
            "egress": [
              {
                "cidr_blocks": [
                  "0.0.0.0/0"
                ],
                "description": "open egress",
                "from_port": 0,
                "ipv6_cidr_blocks": [],
                "prefix_list_ids": [],
                "protocol": "-1",
                "security_groups": [],
                "self": false,
                "to_port": 0
              }
            ],
            "id": "sg-00cb1ce23e9573ddb",
            "ingress": [
              {
                "cidr_blocks": [
                  "0.0.0.0/0"
                ],
                "description": "open ingress",
                "from_port": 0,
                "ipv6_cidr_blocks": [],
                "prefix_list_ids": [],
                "protocol": "-1",
                "security_groups": [],
                "self": false,
                "to_port": 0
              }
            ],
            "name": "ec2-open-security-group",
            "name_prefix": "",
            "owner_id": "409043763943",
            "revoke_rules_on_delete": false,
            "tags": null,
            "tags_all": {},
            "timeouts": null,
            "vpc_id": "vpc-021fdd87abf09e0db"
          },
          "sensitive_attributes": [],
          "private": "eyJlMmJmYjczMC1lY2FhLTExZTYtOGY4OC0zNDM2M2JjN2M0YzAiOnsiY3JlYXRlIjo2MDAwMDAwMDAwMDAsImRlbGV0ZSI6OTAwMDAwMDAwMDAwfSwic2NoZW1hX3ZlcnNpb24iOiIxIn0="
        }
      ]
    }
  ]
}
